
Microsoft Visual Studio Solution File, Format Version 12.00
# Visual Studio Version 16
VisualStudioVersion = 16.0.30320.27
MinimumVisualStudioVersion = 10.0.40219.1
Project("{FAE04EC0-301F-11D3-BF4B-00C04F79EFBC}") = "MultipleLanguage", "MultipleLangauge\MultipleLanguage.csproj", "{6460871A-9FCB-4EF0-B11D-F7B2EE9A3AB2}"
EndProject
Global
	GlobalSection(SolutionConfigurationPlatforms) = preSolution
		Debug|Any CPU = Debug|Any CPU
		Release|Any CPU = Release|Any CPU
	EndGlobalSection
	GlobalSection(ProjectConfigurationPlatforms) = postSolution
		{6460871A-9FCB-4EF0-B11D-F7B2EE9A3AB2}.Debug|Any CPU.ActiveCfg = Debug|Any CPU
		{6460871A-9FCB-4EF0-B11D-F7B2EE9A3AB2}.Debug|Any CPU.Build.0 = Debug|Any CPU
		{6460871A-9FCB-4EF0-B11D-F7B2EE9A3AB2}.Release|Any CPU.ActiveCfg = Release|Any CPU
		{6460871A-9FCB-4EF0-B11D-F7B2EE9A3AB2}.Release|Any CPU.Build.0 = Release|Any CPU
	EndGlobalSection
	GlobalSection(SolutionProperties) = preSolution
		HideSolutionNode = FALSE
	EndGlobalSection
	GlobalSection(ExtensibilityGlobals) = postSolution
		SolutionGuid = {676D0347-C4EB-4D7E-83B2-9A35FD2A5046}
	EndGlobalSection
EndGlobal
